
Microsoft Visual Studio Solution File, Format Version 12.00
# Visual Studio Version 17
VisualStudioVersion = 17.4.33122.133
MinimumVisualStudioVersion = 10.0.40219.1
Project("{9A19103F-16F7-4668-BE54-9A1E7A4F7556}") = "BusinessLayer", "BusinessLayer\BusinessLayer.csproj", "{D9CBAAC3-B07E-401F-AC4D-2A3ACA727ACC}"
EndProject
Project("{FAE04EC0-301F-11D3-BF4B-00C04F79EFBC}") = "DataLayer", "DataLayer\DataLayer.csproj", "{CDFF6ABC-3AF1-4AC6-954A-499BDC0A6980}"
EndProject
Global
	GlobalSection(SolutionConfigurationPlatforms) = preSolution
		Debug|Any CPU = Debug|Any CPU
		Release|Any CPU = Release|Any CPU
	EndGlobalSection
	GlobalSection(ProjectConfigurationPlatforms) = postSolution
		{D9CBAAC3-B07E-401F-AC4D-2A3ACA727ACC}.Debug|Any CPU.ActiveCfg = Debug|Any CPU
		{D9CBAAC3-B07E-401F-AC4D-2A3ACA727ACC}.Debug|Any CPU.Build.0 = Debug|Any CPU
		{D9CBAAC3-B07E-401F-AC4D-2A3ACA727ACC}.Release|Any CPU.ActiveCfg = Release|Any CPU
		{D9CBAAC3-B07E-401F-AC4D-2A3ACA727ACC}.Release|Any CPU.Build.0 = Release|Any CPU
		{CDFF6ABC-3AF1-4AC6-954A-499BDC0A6980}.Debug|Any CPU.ActiveCfg = Debug|Any CPU
		{CDFF6ABC-3AF1-4AC6-954A-499BDC0A6980}.Debug|Any CPU.Build.0 = Debug|Any CPU
		{CDFF6ABC-3AF1-4AC6-954A-499BDC0A6980}.Release|Any CPU.ActiveCfg = Release|Any CPU
		{CDFF6ABC-3AF1-4AC6-954A-499BDC0A6980}.Release|Any CPU.Build.0 = Release|Any CPU
	EndGlobalSection
	GlobalSection(SolutionProperties) = preSolution
		HideSolutionNode = FALSE
	EndGlobalSection
	GlobalSection(ExtensibilityGlobals) = postSolution
		SolutionGuid = {56BEFF87-3C64-434F-8EB1-BF9A0B166459}
	EndGlobalSection
EndGlobal
